schema: '2.0'
stages:
  data_ingestion:
    cmd: python src/data/data_ingestion.py
    deps:
    - path: src/data/data_ingestion.py
      hash: md5
      md5: ec8aff67af7348c03f928053372c5748
      size: 6741
    params:
      params.yaml:
        data_ingestion.test_size: 0.25
    outs:
    - path: data/raw
      hash: md5
      md5: ab30f56d1256d4b25b433fdc12b96190.dir
      size: 672598
      nfiles: 2
  data_preprocessing:
    cmd: python src/data/data_preprocessing.py
    deps:
    - path: data/raw
      hash: md5
      md5: ab30f56d1256d4b25b433fdc12b96190.dir
      size: 672598
      nfiles: 2
    - path: src/data/data_preprocessing.py
      hash: md5
      md5: b0a7495ddc80344802df8ef286fe9945
      size: 3488
    outs:
    - path: data/interim
      hash: md5
      md5: e0d5e996f04a3a9b666bd9c36e77a75a.dir
      size: 415135
      nfiles: 2
  feature_engineering:
    cmd: python src/features/feature_engineering.py
    deps:
    - path: data/interim
      hash: md5
      md5: e0d5e996f04a3a9b666bd9c36e77a75a.dir
      size: 415135
      nfiles: 2
    - path: src/features/feature_engineering.py
      hash: md5
      md5: 96cdeb554e34609ca3d0e613be9cdaa8
      size: 6861
    params:
      params.yaml:
        feature_engineering.max_features: 50
    outs:
    - path: data/processed
      hash: md5
      md5: bb9059fa8f485a75b53774db9d2f8fa5.dir
      size: 51398
      nfiles: 2
    - path: models/vectorizer.pkl
      hash: md5
      md5: 366d355eb46f058bf792aa4b22b7c820
      size: 1856
  model_building:
    cmd: python src/model/model_building.py
    deps:
    - path: data/processed
      hash: md5
      md5: bb9059fa8f485a75b53774db9d2f8fa5.dir
      size: 51398
      nfiles: 2
    - path: src/model/model_building.py
      hash: md5
      md5: 7426050b14a91a981a8c355c21271d27
      size: 3848
    outs:
    - path: models/model.pkl
      hash: md5
      md5: 2658bcb59b996fce5ba18af051cc0746
      size: 1114
  model_evaluation:
    cmd: python src/model/model_evaluation.py
    deps:
    - path: models/model.pkl
      hash: md5
      md5: 2658bcb59b996fce5ba18af051cc0746
      size: 1114
    - path: src/model/model_evaluation.py
      hash: md5
      md5: e232fc1c6c79a378b705a100ccade7ea
      size: 11014
    outs:
    - path: reports/experiment_info.json
      hash: md5
      md5: fe92e0c484fc0895d3fa501cd5e8ed1b
      size: 79
    - path: reports/metrics.json
      hash: md5
      md5: 52f7d7c5f74a1d773db387cd0455304d
      size: 113
  model_registration:
    cmd: python src/model/model_register.py
    deps:
    - path: reports/experiment_info.json
      hash: md5
      md5: fe92e0c484fc0895d3fa501cd5e8ed1b
      size: 79
    - path: src/model/model_register.py
      hash: md5
      md5: 7661004cbce132cc47692c835b56a937
      size: 5257
